
Microsoft Visual Studio Solution File, Format Version 12.00
Project("{2150E333-8FDC-42A3-9474-1A3956D46DE8}") = "src", "src", "{99D8FC82-644B-45D6-B6EF-F979C9441193}"
EndProject
Project("{FAE04EC0-301F-11D3-BF4B-00C04F79EFBC}") = "Snake", "Snake\Snake.csproj", "{CAFA3C39-3E4E-427A-8468-AE3BA2CA4243}"
EndProject
Global
	GlobalSection(SolutionConfigurationPlatforms) = preSolution
		Debug|Any CPU = Debug|Any CPU
		Release|Any CPU = Release|Any CPU
	EndGlobalSection
	GlobalSection(ProjectConfigurationPlatforms) = postSolution
		{CAFA3C39-3E4E-427A-8468-AE3BA2CA4243}.Debug|Any CPU.ActiveCfg = Debug|Any CPU
		{CAFA3C39-3E4E-427A-8468-AE3BA2CA4243}.Debug|Any CPU.Build.0 = Debug|Any CPU
		{CAFA3C39-3E4E-427A-8468-AE3BA2CA4243}.Release|Any CPU.ActiveCfg = Release|Any CPU
		{CAFA3C39-3E4E-427A-8468-AE3BA2CA4243}.Release|Any CPU.Build.0 = Release|Any CPU
	EndGlobalSection
	GlobalSection(NestedProjects) = preSolution
		{CAFA3C39-3E4E-427A-8468-AE3BA2CA4243} = {99D8FC82-644B-45D6-B6EF-F979C9441193}
	EndGlobalSection
EndGlobal
